
Microsoft Visual Studio Solution File, Format Version 12.00
# Visual Studio 2012
Project("{FAE04EC0-301F-11D3-BF4B-00C04F79EFBC}") = "GameTest", "Gametest\Gametest.csproj", "{FA939ED6-2C60-4C56-9202-1F8F44A3EAED}"
EndProject
Global
	GlobalSection(SolutionConfigurationPlatforms) = preSolution
		Debug|x86 = Debug|x86
		Release|x86 = Release|x86
	EndGlobalSection
	GlobalSection(ProjectConfigurationPlatforms) = postSolution
		{FA939ED6-2C60-4C56-9202-1F8F44A3EAED}.Debug|x86.ActiveCfg = Debug|x86
		{FA939ED6-2C60-4C56-9202-1F8F44A3EAED}.Debug|x86.Build.0 = Debug|x86
		{FA939ED6-2C60-4C56-9202-1F8F44A3EAED}.Release|x86.ActiveCfg = Release|x86
		{FA939ED6-2C60-4C56-9202-1F8F44A3EAED}.Release|x86.Build.0 = Release|x86
	EndGlobalSection
	GlobalSection(SolutionProperties) = preSolution
		HideSolutionNode = FALSE
	EndGlobalSection
EndGlobal
